
Microsoft Visual Studio Solution File, Format Version 12.00
# Visual Studio Version 16
VisualStudioVersion = 16.0.28803.202
MinimumVisualStudioVersion = 10.0.40219.1
Project("{FAE04EC0-301F-11D3-BF4B-00C04F79EFBC}") = "Minimal Tree", "Minimal Tree\Minimal Tree.csproj", "{EA2252B0-B42C-4070-A55C-C93D21BEFCCB}"
EndProject
Global
	GlobalSection(SolutionConfigurationPlatforms) = preSolution
		Debug|Any CPU = Debug|Any CPU
		Release|Any CPU = Release|Any CPU
	EndGlobalSection
	GlobalSection(ProjectConfigurationPlatforms) = postSolution
		{EA2252B0-B42C-4070-A55C-C93D21BEFCCB}.Debug|Any CPU.ActiveCfg = Debug|Any CPU
		{EA2252B0-B42C-4070-A55C-C93D21BEFCCB}.Debug|Any CPU.Build.0 = Debug|Any CPU
		{EA2252B0-B42C-4070-A55C-C93D21BEFCCB}.Release|Any CPU.ActiveCfg = Release|Any CPU
		{EA2252B0-B42C-4070-A55C-C93D21BEFCCB}.Release|Any CPU.Build.0 = Release|Any CPU
	EndGlobalSection
	GlobalSection(SolutionProperties) = preSolution
		HideSolutionNode = FALSE
	EndGlobalSection
	GlobalSection(ExtensibilityGlobals) = postSolution
		SolutionGuid = {20D948CC-555A-4E3D-90D3-2E73E0AF77BD}
	EndGlobalSection
EndGlobal
