
Microsoft Visual Studio Solution File, Format Version 12.00
# Visual Studio Version 16
VisualStudioVersion = 16.0.28803.202
MinimumVisualStudioVersion = 10.0.40219.1
Project("{FAE04EC0-301F-11D3-BF4B-00C04F79EFBC}") = "BinaryToString", "BinaryToString\BinaryToString.csproj", "{E5C149AA-050B-4B10-A19B-BAAA1D24B2EF}"
EndProject
Project("{FAE04EC0-301F-11D3-BF4B-00C04F79EFBC}") = "BinaryToString.UnitTests", "BinaryToString.UnitTests\BinaryToString.UnitTests.csproj", "{7FB7154B-0F59-414E-A6BF-1A38C6ABBBC4}"
EndProject
Global
	GlobalSection(SolutionConfigurationPlatforms) = preSolution
		Debug|Any CPU = Debug|Any CPU
		Release|Any CPU = Release|Any CPU
	EndGlobalSection
	GlobalSection(ProjectConfigurationPlatforms) = postSolution
		{E5C149AA-050B-4B10-A19B-BAAA1D24B2EF}.Debug|Any CPU.ActiveCfg = Debug|Any CPU
		{E5C149AA-050B-4B10-A19B-BAAA1D24B2EF}.Debug|Any CPU.Build.0 = Debug|Any CPU
		{E5C149AA-050B-4B10-A19B-BAAA1D24B2EF}.Release|Any CPU.ActiveCfg = Release|Any CPU
		{E5C149AA-050B-4B10-A19B-BAAA1D24B2EF}.Release|Any CPU.Build.0 = Release|Any CPU
		{7FB7154B-0F59-414E-A6BF-1A38C6ABBBC4}.Debug|Any CPU.ActiveCfg = Debug|Any CPU
		{7FB7154B-0F59-414E-A6BF-1A38C6ABBBC4}.Debug|Any CPU.Build.0 = Debug|Any CPU
		{7FB7154B-0F59-414E-A6BF-1A38C6ABBBC4}.Release|Any CPU.ActiveCfg = Release|Any CPU
		{7FB7154B-0F59-414E-A6BF-1A38C6ABBBC4}.Release|Any CPU.Build.0 = Release|Any CPU
	EndGlobalSection
	GlobalSection(SolutionProperties) = preSolution
		HideSolutionNode = FALSE
	EndGlobalSection
	GlobalSection(ExtensibilityGlobals) = postSolution
		SolutionGuid = {ACD93443-B8A2-45FB-88CB-D8787F187460}
	EndGlobalSection
EndGlobal
