
Microsoft Visual Studio Solution File, Format Version 12.00
# Visual Studio Version 16
VisualStudioVersion = 16.0.28803.202
MinimumVisualStudioVersion = 10.0.40219.1
Project("{FAE04EC0-301F-11D3-BF4B-00C04F79EFBC}") = "FlipBitToWin", "FlipBitToWin\FlipBitToWin.csproj", "{37E65A11-73B5-41BF-9AC9-16EE33C8DEAE}"
EndProject
Project("{FAE04EC0-301F-11D3-BF4B-00C04F79EFBC}") = "FlipBitToWin.UnitTests", "FlipBitToWin.UnitTests\FlipBitToWin.UnitTests.csproj", "{74891CBE-B17F-4D3C-B0ED-316C4B6D8726}"
EndProject
Global
	GlobalSection(SolutionConfigurationPlatforms) = preSolution
		Debug|Any CPU = Debug|Any CPU
		Release|Any CPU = Release|Any CPU
	EndGlobalSection
	GlobalSection(ProjectConfigurationPlatforms) = postSolution
		{37E65A11-73B5-41BF-9AC9-16EE33C8DEAE}.Debug|Any CPU.ActiveCfg = Debug|Any CPU
		{37E65A11-73B5-41BF-9AC9-16EE33C8DEAE}.Debug|Any CPU.Build.0 = Debug|Any CPU
		{37E65A11-73B5-41BF-9AC9-16EE33C8DEAE}.Release|Any CPU.ActiveCfg = Release|Any CPU
		{37E65A11-73B5-41BF-9AC9-16EE33C8DEAE}.Release|Any CPU.Build.0 = Release|Any CPU
		{74891CBE-B17F-4D3C-B0ED-316C4B6D8726}.Debug|Any CPU.ActiveCfg = Debug|Any CPU
		{74891CBE-B17F-4D3C-B0ED-316C4B6D8726}.Debug|Any CPU.Build.0 = Debug|Any CPU
		{74891CBE-B17F-4D3C-B0ED-316C4B6D8726}.Release|Any CPU.ActiveCfg = Release|Any CPU
		{74891CBE-B17F-4D3C-B0ED-316C4B6D8726}.Release|Any CPU.Build.0 = Release|Any CPU
	EndGlobalSection
	GlobalSection(SolutionProperties) = preSolution
		HideSolutionNode = FALSE
	EndGlobalSection
	GlobalSection(ExtensibilityGlobals) = postSolution
		SolutionGuid = {F738CC88-9EEB-4897-8CDF-FAD8C39BAE30}
	EndGlobalSection
EndGlobal
