
Microsoft Visual Studio Solution File, Format Version 12.00
# Visual Studio Version 16
VisualStudioVersion = 16.0.28803.202
MinimumVisualStudioVersion = 10.0.40219.1
Project("{FAE04EC0-301F-11D3-BF4B-00C04F79EFBC}") = "Insertion", "Insertion\Insertion.csproj", "{7713B6E2-AD47-4E76-AB5B-2BF28357D99C}"
EndProject
Project("{FAE04EC0-301F-11D3-BF4B-00C04F79EFBC}") = "Insertion.UnitTests", "Insertion.UnitTests\Insertion.UnitTests.csproj", "{FE5C8D46-5158-4577-B894-A0D296754AF0}"
EndProject
Global
	GlobalSection(SolutionConfigurationPlatforms) = preSolution
		Debug|Any CPU = Debug|Any CPU
		Release|Any CPU = Release|Any CPU
	EndGlobalSection
	GlobalSection(ProjectConfigurationPlatforms) = postSolution
		{7713B6E2-AD47-4E76-AB5B-2BF28357D99C}.Debug|Any CPU.ActiveCfg = Debug|Any CPU
		{7713B6E2-AD47-4E76-AB5B-2BF28357D99C}.Debug|Any CPU.Build.0 = Debug|Any CPU
		{7713B6E2-AD47-4E76-AB5B-2BF28357D99C}.Release|Any CPU.ActiveCfg = Release|Any CPU
		{7713B6E2-AD47-4E76-AB5B-2BF28357D99C}.Release|Any CPU.Build.0 = Release|Any CPU
		{FE5C8D46-5158-4577-B894-A0D296754AF0}.Debug|Any CPU.ActiveCfg = Debug|Any CPU
		{FE5C8D46-5158-4577-B894-A0D296754AF0}.Debug|Any CPU.Build.0 = Debug|Any CPU
		{FE5C8D46-5158-4577-B894-A0D296754AF0}.Release|Any CPU.ActiveCfg = Release|Any CPU
		{FE5C8D46-5158-4577-B894-A0D296754AF0}.Release|Any CPU.Build.0 = Release|Any CPU
	EndGlobalSection
	GlobalSection(SolutionProperties) = preSolution
		HideSolutionNode = FALSE
	EndGlobalSection
	GlobalSection(ExtensibilityGlobals) = postSolution
		SolutionGuid = {A97F9082-0A80-4873-8901-0EA4EE3E3A1D}
	EndGlobalSection
EndGlobal
